Microsoft Visual Studio Solution File, Format Version 12.00
# Visual Studio Version 17
VisualStudioVersion = 17.5.2.0
MinimumVisualStudioVersion = 10.0.40219.1
Project("{FAE04EC0-301F-11D3-BF4B-00C04F79EFBC}") = "Task_9", "Task_9.csproj", "{82370E4C-D37D-9C76-86CB-6156329FED44}"
EndProject
Global
	GlobalSection(SolutionConfigurationPlatforms) = preSolution
		Debug|Any CPU = Debug|Any CPU
		Release|Any CPU = Release|Any CPU
	EndGlobalSection
	GlobalSection(ProjectConfigurationPlatforms) = postSolution
		{82370E4C-D37D-9C76-86CB-6156329FED44}.Debug|Any CPU.ActiveCfg = Debug|Any CPU
		{82370E4C-D37D-9C76-86CB-6156329FED44}.Debug|Any CPU.Build.0 = Debug|Any CPU
		{82370E4C-D37D-9C76-86CB-6156329FED44}.Release|Any CPU.ActiveCfg = Release|Any CPU
		{82370E4C-D37D-9C76-86CB-6156329FED44}.Release|Any CPU.Build.0 = Release|Any CPU
	EndGlobalSection
	GlobalSection(SolutionProperties) = preSolution
		HideSolutionNode = FALSE
	EndGlobalSection
	GlobalSection(ExtensibilityGlobals) = postSolution
		SolutionGuid = {2ABA9108-9A14-490B-B41B-CE8B19E58871}
	EndGlobalSection
EndGlobal
